{
  "nodes": {
    "nixpkgs": {
      "locked": {
        "lastModified": 1684911969,
        "narHash": "sha256-j2tz1P2rA3d1WYHk8+1WbYDIJO33BqW1EfQSvi+/O8s=",
        "owner": "NixOS",
        "repo": "nixpkgs",
        "rev": "87f9156865ab09e3bde39aadb4131ae364ae704e",
        "type": "github"
      },
      "original": {
        "id": "nixpkgs",
        "type": "indirect"
      }
    },
    "privateDep": {
      "flake": false,
      "locked": {
        "lastModified": 1742905317,
        "narHash": "sha256-Y62iR8XrvowEgb9iVFiuA8GX1hzxjxxxu1ckMbwkDLc=",
        "owner": "garnix-testing-org",
        "repo": "test-repo-private",
        "rev": "863d27ecd3f01e1c8d1c6e1620e1cc4b1e130e8c",
        "type": "github"
      },
      "original": {
        "owner": "garnix-testing-org",
        "repo": "test-repo-private",
        "type": "github"
      }
    },
    "root": {
      "inputs": {
        "nixpkgs": "nixpkgs",
        "privateDep": "privateDep"
      }
    }
  },
  "root": "root",
  "version": 7
}
