{
  "nodes": {
    "nixpkgs": {
      "locked": {
        "lastModified": 1684724044,
        "narHash": "sha256-OysG4ORx60BcUyBVClbOBVybqZ4Ep8Xh8EIDvNam4WU=",
        "owner": "NixOS",
        "repo": "nixpkgs",
        "rev": "b31c968ff28927d477eed85012e8090578c70852",
        "type": "github"
      },
      "original": {
        "id": "nixpkgs",
        "type": "indirect"
      }
    },
    "privateDep": {
      "flake": false,
      "locked": {
        "lastModified": 1784824191,
        "narHash": "sha256-v/tEbXqxsiQyB46ocS7kBwGmRGtUTRPtT7QwNsSj/9o=",
        "owner": "joegoldin",
        "repo": "garnix-integration-private-input",
        "rev": "aa4852f2ea61e91af698f8e48bc3ecc36211524f",
        "type": "github"
      },
      "original": {
        "owner": "joegoldin",
        "repo": "garnix-integration-private-input",
        "type": "github"
      }
    },
    "root": {
      "inputs": {
        "nixpkgs": "nixpkgs",
        "privateDep": "privateDep"
      }
    }
  },
  "root": "root",
  "version": 7
}
