{
  "nodes": {
    "nixpkgs": {
      "locked": {
        "lastModified": 1683777345,
        "narHash": "sha256-V2p/A4RpEGqEZussOnHYMU6XglxBJGCODdzoyvcwig8=",
        "owner": "NixOS",
        "repo": "nixpkgs",
        "rev": "635a306fc8ede2e34cb3dd0d6d0a5d49362150ed",
        "type": "github"
      },
      "original": {
        "id": "nixpkgs",
        "type": "indirect"
      }
    },
    "publicDep": {
      "flake": false,
      "locked": {
        "lastModified": 1683926873,
        "narHash": "sha256-x8iSEu8zW5TDOFuqQLY9R+8Igattxxy2LVTD2qzfmq4=",
        "owner": "garnix-io",
        "repo": "test-repo",
        "rev": "0ec98785f89b03df7b1b3b6789e3a97dd22530dc",
        "type": "github"
      },
      "original": {
        "owner": "garnix-io",
        "repo": "test-repo",
        "type": "github"
      }
    },
    "root": {
      "inputs": {
        "nixpkgs": "nixpkgs",
        "publicDep": "publicDep"
      }
    }
  },
  "root": "root",
  "version": 7
}
