{
  "nodes": {
    "comment": {
      "inputs": {
        "crane": [
          "crane"
        ],
        "flake-utils": [
          "flake-utils"
        ],
        "nixpkgs": [
          "nixpkgs"
        ]
      },
      "locked": {
        "lastModified": 1765320581,
        "narHash": "sha256-MXYahqcZ/vdXPYumUjNILeTY32f2TJY6s+2WjUBC264=",
        "owner": "garnix-io",
        "repo": "comment",
        "rev": "8b2b57d91dd1f4d094bb944a0a0ef65319a5663f",
        "type": "github"
      },
      "original": {
        "owner": "garnix-io",
        "repo": "comment",
        "type": "github"
      }
    },
    "cradle": {
      "inputs": {
        "flake-utils": [
          "flake-utils"
        ],
        "nixpkgs": [
          "nixpkgs"
        ]
      },
      "locked": {
        "lastModified": 1752702408,
        "narHash": "sha256-8dByoFGsiyTI2qxCig85a5m9O4mmV1DTk/K34L1QvOU=",
        "owner": "garnix-io",
        "repo": "cradle",
        "rev": "0f7de0c2386ad65a8168b20b268fc10fc69100ed",
        "type": "github"
      },
      "original": {
        "owner": "garnix-io",
        "repo": "cradle",
        "type": "github"
      }
    },
    "crane": {
      "locked": {
        "lastModified": 1765145449,
        "narHash": "sha256-aBVHGWWRzSpfL++LubA0CwOOQ64WNLegrYHwsVuVN7A=",
        "owner": "ipetkov",
        "repo": "crane",
        "rev": "69f538cdce5955fcd47abfed4395dc6d5194c1c5",
        "type": "github"
      },
      "original": {
        "owner": "ipetkov",
        "repo": "crane",
        "type": "github"
      }
    },
    "flake-utils": {
      "inputs": {
        "systems": "systems"
      },
      "locked": {
        "lastModified": 1694529238,
        "narHash": "sha256-zsNZZGTGnMOf9YpHKJqMSsa0dXbfmxeoJ7xHlrt+xmY=",
        "owner": "numtide",
        "repo": "flake-utils",
        "rev": "ff7b65b44d01cf9ba6a71320833626af21126384",
        "type": "github"
      },
      "original": {
        "owner": "numtide",
        "repo": "flake-utils",
        "type": "github"
      }
    },
    "nixpkgs": {
      "locked": {
        "lastModified": 1778229253,
        "narHash": "sha256-x8j3ZY7XCioH1lXA3wkC+xsY2PYO/tbvz49OYyfYDyE=",
        "owner": "NixOS",
        "repo": "nixpkgs",
        "rev": "97459a73b00a4debf4233862f945c71963485513",
        "type": "github"
      },
      "original": {
        "owner": "NixOS",
        "ref": "nixos-25.11-small",
        "repo": "nixpkgs",
        "type": "github"
      }
    },
    "nixpkgs-stable": {
      "locked": {
        "lastModified": 1705957679,
        "narHash": "sha256-Q8LJaVZGJ9wo33wBafvZSzapYsjOaNjP/pOnSiKVGHY=",
        "owner": "NixOS",
        "repo": "nixpkgs",
        "rev": "9a333eaa80901efe01df07eade2c16d183761fa3",
        "type": "github"
      },
      "original": {
        "owner": "NixOS",
        "ref": "release-23.05",
        "repo": "nixpkgs",
        "type": "github"
      }
    },
    "root": {
      "inputs": {
        "comment": "comment",
        "cradle": "cradle",
        "crane": "crane",
        "flake-utils": "flake-utils",
        "nixpkgs": "nixpkgs",
        "sops-nix": "sops-nix",
        "terms-and-conditions": "terms-and-conditions",
        "treefmt-nix": "treefmt-nix",
        "treetop": "treetop"
      }
    },
    "sops-nix": {
      "inputs": {
        "nixpkgs": [
          "nixpkgs"
        ],
        "nixpkgs-stable": "nixpkgs-stable"
      },
      "locked": {
        "lastModified": 1696320910,
        "narHash": "sha256-fbuEc6wylH+0VxG48lhPBK+SQJHfo2lusUwWHZNipIM=",
        "owner": "Mic92",
        "repo": "sops-nix",
        "rev": "746c7fa1a64c1671a4bf287737c27fdc7101c4c2",
        "type": "github"
      },
      "original": {
        "owner": "Mic92",
        "repo": "sops-nix",
        "type": "github"
      }
    },
    "systems": {
      "locked": {
        "lastModified": 1681028828,
        "narHash": "sha256-Vy1rq5AaRuLzOxct8nz4T6wlgyUR7zLU309k9mBC768=",
        "owner": "nix-systems",
        "repo": "default",
        "rev": "da67096a3b9bf56a91d16901293e51ba5b49a27e",
        "type": "github"
      },
      "original": {
        "owner": "nix-systems",
        "repo": "default",
        "type": "github"
      }
    },
    "systems_2": {
      "locked": {
        "lastModified": 1681028828,
        "narHash": "sha256-Vy1rq5AaRuLzOxct8nz4T6wlgyUR7zLU309k9mBC768=",
        "owner": "nix-systems",
        "repo": "default",
        "rev": "da67096a3b9bf56a91d16901293e51ba5b49a27e",
        "type": "github"
      },
      "original": {
        "owner": "nix-systems",
        "repo": "default",
        "type": "github"
      }
    },
    "terms-and-conditions": {
      "inputs": {
        "nixpkgs": [
          "nixpkgs"
        ],
        "systems": "systems_2"
      },
      "locked": {
        "lastModified": 1718718803,
        "narHash": "sha256-vVbDOgVfFo6NZl8hSOHN4LQSBveo/VUxs2IRL9tKOIU=",
        "owner": "garnix-io",
        "repo": "terms-and-conditions",
        "rev": "121fe395ef65688d6bee4578512652c8148a2c91",
        "type": "github"
      },
      "original": {
        "owner": "garnix-io",
        "repo": "terms-and-conditions",
        "type": "github"
      }
    },
    "treefmt-nix": {
      "inputs": {
        "nixpkgs": [
          "nixpkgs"
        ]
      },
      "locked": {
        "lastModified": 1775636079,
        "narHash": "sha256-pc20NRoMdiar8oPQceQT47UUZMBTiMdUuWrYu2obUP0=",
        "owner": "numtide",
        "repo": "treefmt-nix",
        "rev": "790751ff7fd3801feeaf96d7dc416a8d581265ba",
        "type": "github"
      },
      "original": {
        "owner": "numtide",
        "repo": "treefmt-nix",
        "type": "github"
      }
    },
    "treetop": {
      "inputs": {
        "crane": [
          "crane"
        ],
        "flake-utils": [
          "flake-utils"
        ],
        "nixpkgs": [
          "nixpkgs"
        ]
      },
      "locked": {
        "lastModified": 1752163604,
        "narHash": "sha256-RGRiKpxdZtaUhZvFq1U8zPE/Cj3kaZmveunHh4X0W1k=",
        "owner": "soenkehahn",
        "repo": "treetop",
        "rev": "c142e77d0c14474cf52d7d71700efb288299b137",
        "type": "github"
      },
      "original": {
        "owner": "soenkehahn",
        "repo": "treetop",
        "type": "github"
      }
    }
  },
  "root": "root",
  "version": 7
}
