{
  "nodes": {
    "nixpkgs": {
      "locked": {
        "lastModified": 1684724044,
        "narHash": "sha256-OysG4ORx60BcUyBVClbOBVybqZ4Ep8Xh8EIDvNam4WU=",
        "owner": "NixOS",
        "repo": "nixpkgs",
        "rev": "b31c968ff28927d477eed85012e8090578c70852",
        "type": "github"
      },
      "original": {
        "id": "nixpkgs",
        "type": "indirect"
      }
    },
    "privateDep": {
      "flake": false,
      "locked": {
        "lastModified": 1742905317,
        "narHash": "sha256-Y62iR8XrvowEgb9iVFiuA8GX1hzxjxxxu1ckMbwkDLc=",
        "owner": "garnix-testing-org",
        "repo": "test-repo-private",
        "rev": "863d27ecd3f01e1c8d1c6e1620e1cc4b1e130e8c",
        "type": "github"
      },
      "original": {
        "owner": "garnix-testing-org",
        "repo": "test-repo-private",
        "type": "github"
      }
    },
    "root": {
      "inputs": {
        "nixpkgs": "nixpkgs",
        "privateDep": "privateDep"
      }
    }
  },
  "root": "root",
  "version": 7
}
