{
  "nodes": {
    "nixpkgs": {
      "locked": {
        "lastModified": 1708501555,
        "narHash": "sha256-zJaF0RkdIPbh8LTmnpW/E7tZYpqIE+MePzlWwUNob4c=",
        "owner": "NixOS",
        "repo": "nixpkgs",
        "rev": "b50a77c03d640716296021ad58950b1bb0345799",
        "type": "github"
      },
      "original": {
        "id": "nixpkgs",
        "type": "indirect"
      }
    },
    "privateDep": {
      "flake": false,
      "locked": {
        "lastModified": 1742820088,
        "narHash": "sha256-eP9l7+WJQBfq9UXVdBQQLO9Yr7SvnYWnGWkayTZcagY=",
        "owner": "garnix-testing-org",
        "repo": "minimal-collaborators-test",
        "rev": "c1a2f550bdcc447680b27f12af5985058e0f7171",
        "type": "github"
      },
      "original": {
        "owner": "garnix-testing-org",
        "repo": "minimal-collaborators-test",
        "type": "github"
      }
    },
    "root": {
      "inputs": {
        "nixpkgs": "nixpkgs",
        "privateDep": "privateDep"
      }
    }
  },
  "root": "root",
  "version": 7
}
