{
  "nodes": {
    "nixpkgs": {
      "locked": {
        "lastModified": 1708501555,
        "narHash": "sha256-zJaF0RkdIPbh8LTmnpW/E7tZYpqIE+MePzlWwUNob4c=",
        "owner": "NixOS",
        "repo": "nixpkgs",
        "rev": "b50a77c03d640716296021ad58950b1bb0345799",
        "type": "github"
      },
      "original": {
        "id": "nixpkgs",
        "type": "indirect"
      }
    },
    "privateDep": {
      "flake": false,
      "locked": {
        "lastModified": 1784824191,
        "narHash": "sha256-v/tEbXqxsiQyB46ocS7kBwGmRGtUTRPtT7QwNsSj/9o=",
        "owner": "joegoldin",
        "repo": "garnix-integration-private-input",
        "rev": "aa4852f2ea61e91af698f8e48bc3ecc36211524f",
        "type": "github"
      },
      "original": {
        "owner": "joegoldin",
        "repo": "garnix-integration-private-input",
        "type": "github"
      }
    },
    "root": {
      "inputs": {
        "nixpkgs": "nixpkgs",
        "privateDep": "privateDep"
      }
    }
  },
  "root": "root",
  "version": 7
}
