{
  "nodes": {
    "nixpkgs": {
      "locked": {
        "lastModified": 1686377527,
        "narHash": "sha256-kNmHI3RvbWj+ntPP+O+nOTnOcBRNPjcMiUwO8TNt0/Q=",
        "owner": "NixOS",
        "repo": "nixpkgs",
        "rev": "47c9ecbac352ce4a90f0ceca2c0f801500febfd7",
        "type": "github"
      },
      "original": {
        "id": "nixpkgs",
        "type": "indirect"
      }
    },
    "publicDep": {
      "flake": false,
      "locked": {
        "narHash": "sha256-x8iSEu8zW5TDOFuqQLY9R+8Igattxxy2LVTD2qzfmq4=",
        "type": "tarball",
        "url": "https://github.com/garnix-io/test-repo/archive/0ec98785f89b03df7b1b3b6789e3a97dd22530dc.tar.gz"
      },
      "original": {
        "type": "tarball",
        "url": "https://github.com/garnix-io/test-repo/archive/0ec98785f89b03df7b1b3b6789e3a97dd22530dc.tar.gz"
      }
    },
    "root": {
      "inputs": {
        "nixpkgs": "nixpkgs",
        "publicDep": "publicDep"
      }
    }
  },
  "root": "root",
  "version": 7
}
